
Microsoft Visual Studio Solution File, Format Version 12.00
# Visual Studio Version 17
VisualStudioVersion = 17.7.34024.191
MinimumVisualStudioVersion = 10.0.40219.1
Project("{FAE04EC0-301F-11D3-BF4B-00C04F79EFBC}") = "Gewoon_ Fuji_Mini_Project_RPG", "Gewoon_ Fuji_Mini_Project_RPG.csproj", "{A010DDC7-7BBF-4FE5-8048-83898E7858E5}"
EndProject
Global
	GlobalSection(SolutionConfigurationPlatforms) = preSolution
		Debug|Any CPU = Debug|Any CPU
		Release|Any CPU = Release|Any CPU
	EndGlobalSection
	GlobalSection(ProjectConfigurationPlatforms) = postSolution
		{A010DDC7-7BBF-4FE5-8048-83898E7858E5}.Debug|Any CPU.ActiveCfg = Debug|Any CPU
		{A010DDC7-7BBF-4FE5-8048-83898E7858E5}.Debug|Any CPU.Build.0 = Debug|Any CPU
		{A010DDC7-7BBF-4FE5-8048-83898E7858E5}.Release|Any CPU.ActiveCfg = Release|Any CPU
		{A010DDC7-7BBF-4FE5-8048-83898E7858E5}.Release|Any CPU.Build.0 = Release|Any CPU
	EndGlobalSection
	GlobalSection(SolutionProperties) = preSolution
		HideSolutionNode = FALSE
	EndGlobalSection
	GlobalSection(ExtensibilityGlobals) = postSolution
		SolutionGuid = {48F57104-2B22-4DF1-935A-F077BFD1E871}
	EndGlobalSection
EndGlobal
